
Microsoft Visual Studio Solution File, Format Version 12.00
# Visual Studio Version 17
VisualStudioVersion = 17.14.36414.22
MinimumVisualStudioVersion = 10.0.40219.1
Project("{2150E333-8FDC-42A3-9474-1A3956D46DE8}") = "Task0", "Task0", "{02EA681E-C7D8-13C7-8484-4AC65E1B71E8}"
EndProject
Project("{FAE04EC0-301F-11D3-BF4B-00C04F79EFBC}") = "Tyuiu.DyuvenzhiMI.Sprint4.Task0.V7.Lib", "Tyuiu.DyuvenzhiMI.Sprint4.Task0.V7.Lib\Tyuiu.DyuvenzhiMI.Sprint4.Task0.V7.Lib.csproj", "{16435EAC-D9F0-479B-AE1D-62EF94384785}"
EndProject
Project("{FAE04EC0-301F-11D3-BF4B-00C04F79EFBC}") = "Tyuiu.DyuvenzhiMI.Sprint4.Task0.V7.Test", "Tyuiu.DyuvenzhiMI.Sprint4.Task0.V7.Test\Tyuiu.DyuvenzhiMI.Sprint4.Task0.V7.Test.csproj", "{A8EE367C-CC5B-4C6B-8F8B-8745C0AB81B8}"
EndProject
Project("{FAE04EC0-301F-11D3-BF4B-00C04F79EFBC}") = "Tyuiu.DyuvenzhiMI.Sprint4.Task0.V7", "Tyuiu.DyuvenzhiMI.Sprint4.Task0.V7\Tyuiu.DyuvenzhiMI.Sprint4.Task0.V7.csproj", "{37A8F58A-5746-4B55-AC38-B2EE64B8C6D8}"
EndProject
Project("{2150E333-8FDC-42A3-9474-1A3956D46DE8}") = "Task1", "Task1", "{88F39EE2-DB7C-4CA0-B90D-BE95B79E3F9F}"
EndProject
Project("{FAE04EC0-301F-11D3-BF4B-00C04F79EFBC}") = "Tyuiu.DyuvenzhiMI.Sprint4.Task1.V28", "Tyuiu.DyuvenzhiMI.Sprint4.Task1.V28\Tyuiu.DyuvenzhiMI.Sprint4.Task1.V28.csproj", "{71CF9D31-1824-4EEE-AAAB-A88C254396B7}"
EndProject
Project("{FAE04EC0-301F-11D3-BF4B-00C04F79EFBC}") = "Tyuiu.DyuvenzhiMI.Sprint4.Task1.V28.Test", "Tyuiu.DyuvenzhiMI.Sprint4.Task1.V28.Test\Tyuiu.DyuvenzhiMI.Sprint4.Task1.V28.Test.csproj", "{3C432429-17B3-4BE3-BB29-566D53399447}"
EndProject
Project("{FAE04EC0-301F-11D3-BF4B-00C04F79EFBC}") = "Tyuiu.DyuvenzhiMI.Sprint4.Task1.V28.Lib", "Tyuiu.DyuvenzhiMI.Sprint4.Task1.V28.Lib\Tyuiu.DyuvenzhiMI.Sprint4.Task1.V28.Lib.csproj", "{5B0152BC-4B91-4193-A935-A056CFA8F8ED}"
EndProject
Project("{2150E333-8FDC-42A3-9474-1A3956D46DE8}") = "Task2", "Task2", "{09537197-8084-46BB-B53B-FA0C7CA514F1}"
EndProject
Project("{FAE04EC0-301F-11D3-BF4B-00C04F79EFBC}") = "Tyuiu.DyuvenzhiMI.Sprint4.Task2.V21.Lib", "Tyuiu.DyuvenzhiMI.Sprint4.Task2.V21.Lib\Tyuiu.DyuvenzhiMI.Sprint4.Task2.V21.Lib.csproj", "{B3DD8164-7412-413C-8D5E-94C2AC47E402}"
EndProject
Project("{FAE04EC0-301F-11D3-BF4B-00C04F79EFBC}") = "Tyuiu.DyuvenzhiMI.Sprint4.Task2.V21.Test", "Tyuiu.DyuvenzhiMI.Sprint4.Task2.V21.Test\Tyuiu.DyuvenzhiMI.Sprint4.Task2.V21.Test.csproj", "{B5671852-FAD9-42B9-B274-4EBA3BD3C1F2}"
EndProject
Project("{FAE04EC0-301F-11D3-BF4B-00C04F79EFBC}") = "Tyuiu.DyuvenzhiMI.Sprint4.Task2.V21", "Tyuiu.DyuvenzhiMI.Sprint4.Task2.V21\Tyuiu.DyuvenzhiMI.Sprint4.Task2.V21.csproj", "{1B3033D6-07D0-48B6-AD97-6C212D9CEEDC}"
EndProject
Project("{2150E333-8FDC-42A3-9474-1A3956D46DE8}") = "Task3", "Task3", "{86CEDADC-9047-487B-963E-5432FE87BA20}"
EndProject
Project("{FAE04EC0-301F-11D3-BF4B-00C04F79EFBC}") = "Tyuiu.DyuvenzhiMI.Sprint4.Task3.V28", "Tyuiu.DyuvenzhiMI.Sprint4.Task3.V28\Tyuiu.DyuvenzhiMI.Sprint4.Task3.V28.csproj", "{D8B6115B-D666-4538-9EE4-C4BE14070DF6}"
EndProject
Project("{FAE04EC0-301F-11D3-BF4B-00C04F79EFBC}") = "Tyuiu.DyuvenzhiMI.Sprint4.Task3.V28.Test", "Tyuiu.DyuvenzhiMI.Sprint4.Task3.V28.Test\Tyuiu.DyuvenzhiMI.Sprint4.Task3.V28.Test.csproj", "{783E9931-A46E-4192-B17A-3876788E5232}"
EndProject
Project("{FAE04EC0-301F-11D3-BF4B-00C04F79EFBC}") = "Tyuiu.DyuvenzhiMI.Sprint4.Task3.V28.Lib", "Tyuiu.DyuvenzhiMI.Sprint4.Task3.V28.Lib\Tyuiu.DyuvenzhiMI.Sprint4.Task3.V28.Lib.csproj", "{0827E6C5-5852-4771-AB81-66161D92EBC3}"
EndProject
Project("{2150E333-8FDC-42A3-9474-1A3956D46DE8}") = "Task4", "Task4", "{F96C098E-F5DC-43DA-8EAE-D79BE2033F43}"
EndProject
Project("{FAE04EC0-301F-11D3-BF4B-00C04F79EFBC}") = "Tyuiu.DyuvenzhiMI.Sprint4.Task4.V3.Lib", "Tyuiu.DyuvenzhiMI.Sprint4.Task4.V3.Lib\Tyuiu.DyuvenzhiMI.Sprint4.Task4.V3.Lib.csproj", "{E6A13D49-A4AC-4B98-AED9-F888297F344B}"
EndProject
Project("{FAE04EC0-301F-11D3-BF4B-00C04F79EFBC}") = "Tyuiu.DyuvenzhiMI.Sprint4.Task4.V3.Test", "Tyuiu.DyuvenzhiMI.Sprint4.Task4.V3.Test\Tyuiu.DyuvenzhiMI.Sprint4.Task4.V3.Test.csproj", "{BA703B4E-ECB5-4C3A-878E-C93D05F77982}"
EndProject
Project("{FAE04EC0-301F-11D3-BF4B-00C04F79EFBC}") = "Tyuiu.DyuvenzhiMI.Sprint4.Task4.V3", "Tyuiu.DyuvenzhiMI.Sprint4.Task4.V3\Tyuiu.DyuvenzhiMI.Sprint4.Task4.V3.csproj", "{3EC84121-0318-4DC1-ACAC-C3C545BE2A13}"
EndProject
Project("{2150E333-8FDC-42A3-9474-1A3956D46DE8}") = "Task5", "Task5", "{060A9CFF-C091-4982-814B-0C7420105EA4}"
EndProject
Project("{FAE04EC0-301F-11D3-BF4B-00C04F79EFBC}") = "Tyuiu.DyuvenzhiMI.Sprint4.Task5.V26", "Tyuiu.DyuvenzhiMI.Sprint4.Task5.V26\Tyuiu.DyuvenzhiMI.Sprint4.Task5.V26.csproj", "{891846E7-14B1-4921-9A8A-846C73D10CE2}"
EndProject
Project("{FAE04EC0-301F-11D3-BF4B-00C04F79EFBC}") = "Tyuiu.DyuvenzhiMI.Sprint4.Task5.V26.Test", "Tyuiu.DyuvenzhiMI.Sprint4.Task5.V26.Test\Tyuiu.DyuvenzhiMI.Sprint4.Task5.V26.Test.csproj", "{024ACF0F-C981-4B4B-BD5F-112FD87A8247}"
EndProject
Project("{FAE04EC0-301F-11D3-BF4B-00C04F79EFBC}") = "Tyuiu.DyuvenzhiMI.Sprint4.Task5.V26.Lib", "Tyuiu.DyuvenzhiMI.Sprint4.Task5.V26.Lib\Tyuiu.DyuvenzhiMI.Sprint4.Task5.V26.Lib.csproj", "{BA7FC42D-A9BE-41E3-B518-7F043DD2E33E}"
EndProject
Project("{2150E333-8FDC-42A3-9474-1A3956D46DE8}") = "Task6", "Task6", "{79512E68-0A38-4A75-8EF4-DF0531ECF5C0}"
EndProject
Project("{FAE04EC0-301F-11D3-BF4B-00C04F79EFBC}") = "Tyuiu.DyuvenzhiMI.Sprint4.Task6.V20.Test", "Tyuiu.DyuvenzhiMI.Sprint4.Task6.V20.Test\Tyuiu.DyuvenzhiMI.Sprint4.Task6.V20.Test.csproj", "{E3648AF4-38FD-4484-9631-81AEB8E13148}"
EndProject
Project("{FAE04EC0-301F-11D3-BF4B-00C04F79EFBC}") = "Tyuiu.DyuvenzhiMI.Sprint4.Task6.V20.Lib", "Tyuiu.DyuvenzhiMI.Sprint4.Task6.V20.Lib\Tyuiu.DyuvenzhiMI.Sprint4.Task6.V20.Lib.csproj", "{E861A30E-7946-4901-90E4-C54EBBFF0663}"
EndProject
Project("{FAE04EC0-301F-11D3-BF4B-00C04F79EFBC}") = "Tyuiu.DyuvenzhiMI.Sprint4.Task6.V20", "Tyuiu.DyuvenzhiMI.Sprint4.Task6.V20\Tyuiu.DyuvenzhiMI.Sprint4.Task6.V20.csproj", "{5B24E222-7726-40B6-A78D-D54F4BE48720}"
EndProject
Project("{2150E333-8FDC-42A3-9474-1A3956D46DE8}") = "Task7", "Task7", "{1BE3C48D-1E1E-4A75-8AB3-E4175B756E4D}"
EndProject
Project("{FAE04EC0-301F-11D3-BF4B-00C04F79EFBC}") = "Tyuiu.DyuvenzhiMI.Sprint4.Task7.V26", "Tyuiu.DyuvenzhiMI.Sprint4.Task7.V26\Tyuiu.DyuvenzhiMI.Sprint4.Task7.V26.csproj", "{D3C02063-9911-45F1-819A-7AC7B91FD791}"
EndProject
Project("{FAE04EC0-301F-11D3-BF4B-00C04F79EFBC}") = "Tyuiu.DyuvenzhiMI.Sprint4.Task7.V26.Lib", "Tyuiu.DyuvenzhiMI.Sprint4.Task7.V26.Lib\Tyuiu.DyuvenzhiMI.Sprint4.Task7.V26.Lib.csproj", "{47581941-0BDA-4B5C-85DB-15D89421E739}"
EndProject
Project("{FAE04EC0-301F-11D3-BF4B-00C04F79EFBC}") = "Tyuiu.DyuvenzhiMI.Sprint4.Task7.V26.Test", "Tyuiu.DyuvenzhiMI.Sprint4.Task7.V26.Test\Tyuiu.DyuvenzhiMI.Sprint4.Task7.V26.Test.csproj", "{A0B65CD7-E5F1-4576-85EA-BDBA12AB8DFE}"
EndProject
Global
	GlobalSection(SolutionConfigurationPlatforms) = preSolution
		Debug|Any CPU = Debug|Any CPU
		Release|Any CPU = Release|Any CPU
	EndGlobalSection
	GlobalSection(ProjectConfigurationPlatforms) = postSolution
		{16435EAC-D9F0-479B-AE1D-62EF94384785}.Debug|Any CPU.ActiveCfg = Debug|Any CPU
		{16435EAC-D9F0-479B-AE1D-62EF94384785}.Debug|Any CPU.Build.0 = Debug|Any CPU
		{16435EAC-D9F0-479B-AE1D-62EF94384785}.Release|Any CPU.ActiveCfg = Release|Any CPU
		{16435EAC-D9F0-479B-AE1D-62EF94384785}.Release|Any CPU.Build.0 = Release|Any CPU
		{A8EE367C-CC5B-4C6B-8F8B-8745C0AB81B8}.Debug|Any CPU.ActiveCfg = Debug|Any CPU
		{A8EE367C-CC5B-4C6B-8F8B-8745C0AB81B8}.Debug|Any CPU.Build.0 = Debug|Any CPU
		{A8EE367C-CC5B-4C6B-8F8B-8745C0AB81B8}.Release|Any CPU.ActiveCfg = Release|Any CPU
		{A8EE367C-CC5B-4C6B-8F8B-8745C0AB81B8}.Release|Any CPU.Build.0 = Release|Any CPU
		{37A8F58A-5746-4B55-AC38-B2EE64B8C6D8}.Debug|Any CPU.ActiveCfg = Debug|Any CPU
		{37A8F58A-5746-4B55-AC38-B2EE64B8C6D8}.Debug|Any CPU.Build.0 = Debug|Any CPU
		{37A8F58A-5746-4B55-AC38-B2EE64B8C6D8}.Release|Any CPU.ActiveCfg = Release|Any CPU
		{37A8F58A-5746-4B55-AC38-B2EE64B8C6D8}.Release|Any CPU.Build.0 = Release|Any CPU
		{71CF9D31-1824-4EEE-AAAB-A88C254396B7}.Debug|Any CPU.ActiveCfg = Debug|Any CPU
		{71CF9D31-1824-4EEE-AAAB-A88C254396B7}.Debug|Any CPU.Build.0 = Debug|Any CPU
		{71CF9D31-1824-4EEE-AAAB-A88C254396B7}.Release|Any CPU.ActiveCfg = Release|Any CPU
		{71CF9D31-1824-4EEE-AAAB-A88C254396B7}.Release|Any CPU.Build.0 = Release|Any CPU
		{3C432429-17B3-4BE3-BB29-566D53399447}.Debug|Any CPU.ActiveCfg = Debug|Any CPU
		{3C432429-17B3-4BE3-BB29-566D53399447}.Debug|Any CPU.Build.0 = Debug|Any CPU
		{3C432429-17B3-4BE3-BB29-566D53399447}.Release|Any CPU.ActiveCfg = Release|Any CPU
		{3C432429-17B3-4BE3-BB29-566D53399447}.Release|Any CPU.Build.0 = Release|Any CPU
		{5B0152BC-4B91-4193-A935-A056CFA8F8ED}.Debug|Any CPU.ActiveCfg = Debug|Any CPU
		{5B0152BC-4B91-4193-A935-A056CFA8F8ED}.Debug|Any CPU.Build.0 = Debug|Any CPU
		{5B0152BC-4B91-4193-A935-A056CFA8F8ED}.Release|Any CPU.ActiveCfg = Release|Any CPU
		{5B0152BC-4B91-4193-A935-A056CFA8F8ED}.Release|Any CPU.Build.0 = Release|Any CPU
		{B3DD8164-7412-413C-8D5E-94C2AC47E402}.Debug|Any CPU.ActiveCfg = Debug|Any CPU
		{B3DD8164-7412-413C-8D5E-94C2AC47E402}.Debug|Any CPU.Build.0 = Debug|Any CPU
		{B3DD8164-7412-413C-8D5E-94C2AC47E402}.Release|Any CPU.ActiveCfg = Release|Any CPU
		{B3DD8164-7412-413C-8D5E-94C2AC47E402}.Release|Any CPU.Build.0 = Release|Any CPU
		{B5671852-FAD9-42B9-B274-4EBA3BD3C1F2}.Debug|Any CPU.ActiveCfg = Debug|Any CPU
		{B5671852-FAD9-42B9-B274-4EBA3BD3C1F2}.Debug|Any CPU.Build.0 = Debug|Any CPU
		{B5671852-FAD9-42B9-B274-4EBA3BD3C1F2}.Release|Any CPU.ActiveCfg = Release|Any CPU
		{B5671852-FAD9-42B9-B274-4EBA3BD3C1F2}.Release|Any CPU.Build.0 = Release|Any CPU
		{1B3033D6-07D0-48B6-AD97-6C212D9CEEDC}.Debug|Any CPU.ActiveCfg = Debug|Any CPU
		{1B3033D6-07D0-48B6-AD97-6C212D9CEEDC}.Debug|Any CPU.Build.0 = Debug|Any CPU
		{1B3033D6-07D0-48B6-AD97-6C212D9CEEDC}.Release|Any CPU.ActiveCfg = Release|Any CPU
		{1B3033D6-07D0-48B6-AD97-6C212D9CEEDC}.Release|Any CPU.Build.0 = Release|Any CPU
		{D8B6115B-D666-4538-9EE4-C4BE14070DF6}.Debug|Any CPU.ActiveCfg = Debug|Any CPU
		{D8B6115B-D666-4538-9EE4-C4BE14070DF6}.Debug|Any CPU.Build.0 = Debug|Any CPU
		{D8B6115B-D666-4538-9EE4-C4BE14070DF6}.Release|Any CPU.ActiveCfg = Release|Any CPU
		{D8B6115B-D666-4538-9EE4-C4BE14070DF6}.Release|Any CPU.Build.0 = Release|Any CPU
		{783E9931-A46E-4192-B17A-3876788E5232}.Debug|Any CPU.ActiveCfg = Debug|Any CPU
		{783E9931-A46E-4192-B17A-3876788E5232}.Debug|Any CPU.Build.0 = Debug|Any CPU
		{783E9931-A46E-4192-B17A-3876788E5232}.Release|Any CPU.ActiveCfg = Release|Any CPU
		{783E9931-A46E-4192-B17A-3876788E5232}.Release|Any CPU.Build.0 = Release|Any CPU
		{0827E6C5-5852-4771-AB81-66161D92EBC3}.Debug|Any CPU.ActiveCfg = Debug|Any CPU
		{0827E6C5-5852-4771-AB81-66161D92EBC3}.Debug|Any CPU.Build.0 = Debug|Any CPU
		{0827E6C5-5852-4771-AB81-66161D92EBC3}.Release|Any CPU.ActiveCfg = Release|Any CPU
		{0827E6C5-5852-4771-AB81-66161D92EBC3}.Release|Any CPU.Build.0 = Release|Any CPU
		{E6A13D49-A4AC-4B98-AED9-F888297F344B}.Debug|Any CPU.ActiveCfg = Debug|Any CPU
		{E6A13D49-A4AC-4B98-AED9-F888297F344B}.Debug|Any CPU.Build.0 = Debug|Any CPU
		{E6A13D49-A4AC-4B98-AED9-F888297F344B}.Release|Any CPU.ActiveCfg = Release|Any CPU
		{E6A13D49-A4AC-4B98-AED9-F888297F344B}.Release|Any CPU.Build.0 = Release|Any CPU
		{BA703B4E-ECB5-4C3A-878E-C93D05F77982}.Debug|Any CPU.ActiveCfg = Debug|Any CPU
		{BA703B4E-ECB5-4C3A-878E-C93D05F77982}.Debug|Any CPU.Build.0 = Debug|Any CPU
		{BA703B4E-ECB5-4C3A-878E-C93D05F77982}.Release|Any CPU.ActiveCfg = Release|Any CPU
		{BA703B4E-ECB5-4C3A-878E-C93D05F77982}.Release|Any CPU.Build.0 = Release|Any CPU
		{3EC84121-0318-4DC1-ACAC-C3C545BE2A13}.Debug|Any CPU.ActiveCfg = Debug|Any CPU
		{3EC84121-0318-4DC1-ACAC-C3C545BE2A13}.Debug|Any CPU.Build.0 = Debug|Any CPU
		{3EC84121-0318-4DC1-ACAC-C3C545BE2A13}.Release|Any CPU.ActiveCfg = Release|Any CPU
		{3EC84121-0318-4DC1-ACAC-C3C545BE2A13}.Release|Any CPU.Build.0 = Release|Any CPU
		{891846E7-14B1-4921-9A8A-846C73D10CE2}.Debug|Any CPU.ActiveCfg = Debug|Any CPU
		{891846E7-14B1-4921-9A8A-846C73D10CE2}.Debug|Any CPU.Build.0 = Debug|Any CPU
		{891846E7-14B1-4921-9A8A-846C73D10CE2}.Release|Any CPU.ActiveCfg = Release|Any CPU
		{891846E7-14B1-4921-9A8A-846C73D10CE2}.Release|Any CPU.Build.0 = Release|Any CPU
		{024ACF0F-C981-4B4B-BD5F-112FD87A8247}.Debug|Any CPU.ActiveCfg = Debug|Any CPU
		{024ACF0F-C981-4B4B-BD5F-112FD87A8247}.Debug|Any CPU.Build.0 = Debug|Any CPU
		{024ACF0F-C981-4B4B-BD5F-112FD87A8247}.Release|Any CPU.ActiveCfg = Release|Any CPU
		{024ACF0F-C981-4B4B-BD5F-112FD87A8247}.Release|Any CPU.Build.0 = Release|Any CPU
		{BA7FC42D-A9BE-41E3-B518-7F043DD2E33E}.Debug|Any CPU.ActiveCfg = Debug|Any CPU
		{BA7FC42D-A9BE-41E3-B518-7F043DD2E33E}.Debug|Any CPU.Build.0 = Debug|Any CPU
		{BA7FC42D-A9BE-41E3-B518-7F043DD2E33E}.Release|Any CPU.ActiveCfg = Release|Any CPU
		{BA7FC42D-A9BE-41E3-B518-7F043DD2E33E}.Release|Any CPU.Build.0 = Release|Any CPU
		{E3648AF4-38FD-4484-9631-81AEB8E13148}.Debug|Any CPU.ActiveCfg = Debug|Any CPU
		{E3648AF4-38FD-4484-9631-81AEB8E13148}.Debug|Any CPU.Build.0 = Debug|Any CPU
		{E3648AF4-38FD-4484-9631-81AEB8E13148}.Release|Any CPU.ActiveCfg = Release|Any CPU
		{E3648AF4-38FD-4484-9631-81AEB8E13148}.Release|Any CPU.Build.0 = Release|Any CPU
		{E861A30E-7946-4901-90E4-C54EBBFF0663}.Debug|Any CPU.ActiveCfg = Debug|Any CPU
		{E861A30E-7946-4901-90E4-C54EBBFF0663}.Debug|Any CPU.Build.0 = Debug|Any CPU
		{E861A30E-7946-4901-90E4-C54EBBFF0663}.Release|Any CPU.ActiveCfg = Release|Any CPU
		{E861A30E-7946-4901-90E4-C54EBBFF0663}.Release|Any CPU.Build.0 = Release|Any CPU
		{5B24E222-7726-40B6-A78D-D54F4BE48720}.Debug|Any CPU.ActiveCfg = Debug|Any CPU
		{5B24E222-7726-40B6-A78D-D54F4BE48720}.Debug|Any CPU.Build.0 = Debug|Any CPU
		{5B24E222-7726-40B6-A78D-D54F4BE48720}.Release|Any CPU.ActiveCfg = Release|Any CPU
		{5B24E222-7726-40B6-A78D-D54F4BE48720}.Release|Any CPU.Build.0 = Release|Any CPU
		{D3C02063-9911-45F1-819A-7AC7B91FD791}.Debug|Any CPU.ActiveCfg = Debug|Any CPU
		{D3C02063-9911-45F1-819A-7AC7B91FD791}.Debug|Any CPU.Build.0 = Debug|Any CPU
		{D3C02063-9911-45F1-819A-7AC7B91FD791}.Release|Any CPU.ActiveCfg = Release|Any CPU
		{D3C02063-9911-45F1-819A-7AC7B91FD791}.Release|Any CPU.Build.0 = Release|Any CPU
		{47581941-0BDA-4B5C-85DB-15D89421E739}.Debug|Any CPU.ActiveCfg = Debug|Any CPU
		{47581941-0BDA-4B5C-85DB-15D89421E739}.Debug|Any CPU.Build.0 = Debug|Any CPU
		{47581941-0BDA-4B5C-85DB-15D89421E739}.Release|Any CPU.ActiveCfg = Release|Any CPU
		{47581941-0BDA-4B5C-85DB-15D89421E739}.Release|Any CPU.Build.0 = Release|Any CPU
		{A0B65CD7-E5F1-4576-85EA-BDBA12AB8DFE}.Debug|Any CPU.ActiveCfg = Debug|Any CPU
		{A0B65CD7-E5F1-4576-85EA-BDBA12AB8DFE}.Debug|Any CPU.Build.0 = Debug|Any CPU
		{A0B65CD7-E5F1-4576-85EA-BDBA12AB8DFE}.Release|Any CPU.ActiveCfg = Release|Any CPU
		{A0B65CD7-E5F1-4576-85EA-BDBA12AB8DFE}.Release|Any CPU.Build.0 = Release|Any CPU
	EndGlobalSection
	GlobalSection(SolutionProperties) = preSolution
		HideSolutionNode = FALSE
	EndGlobalSection
	GlobalSection(NestedProjects) = preSolution
		{16435EAC-D9F0-479B-AE1D-62EF94384785} = {02EA681E-C7D8-13C7-8484-4AC65E1B71E8}
		{A8EE367C-CC5B-4C6B-8F8B-8745C0AB81B8} = {02EA681E-C7D8-13C7-8484-4AC65E1B71E8}
		{37A8F58A-5746-4B55-AC38-B2EE64B8C6D8} = {02EA681E-C7D8-13C7-8484-4AC65E1B71E8}
		{71CF9D31-1824-4EEE-AAAB-A88C254396B7} = {88F39EE2-DB7C-4CA0-B90D-BE95B79E3F9F}
		{3C432429-17B3-4BE3-BB29-566D53399447} = {88F39EE2-DB7C-4CA0-B90D-BE95B79E3F9F}
		{5B0152BC-4B91-4193-A935-A056CFA8F8ED} = {88F39EE2-DB7C-4CA0-B90D-BE95B79E3F9F}
		{B3DD8164-7412-413C-8D5E-94C2AC47E402} = {09537197-8084-46BB-B53B-FA0C7CA514F1}
		{B5671852-FAD9-42B9-B274-4EBA3BD3C1F2} = {09537197-8084-46BB-B53B-FA0C7CA514F1}
		{1B3033D6-07D0-48B6-AD97-6C212D9CEEDC} = {09537197-8084-46BB-B53B-FA0C7CA514F1}
		{D8B6115B-D666-4538-9EE4-C4BE14070DF6} = {86CEDADC-9047-487B-963E-5432FE87BA20}
		{783E9931-A46E-4192-B17A-3876788E5232} = {86CEDADC-9047-487B-963E-5432FE87BA20}
		{0827E6C5-5852-4771-AB81-66161D92EBC3} = {86CEDADC-9047-487B-963E-5432FE87BA20}
		{E6A13D49-A4AC-4B98-AED9-F888297F344B} = {F96C098E-F5DC-43DA-8EAE-D79BE2033F43}
		{BA703B4E-ECB5-4C3A-878E-C93D05F77982} = {F96C098E-F5DC-43DA-8EAE-D79BE2033F43}
		{3EC84121-0318-4DC1-ACAC-C3C545BE2A13} = {F96C098E-F5DC-43DA-8EAE-D79BE2033F43}
		{891846E7-14B1-4921-9A8A-846C73D10CE2} = {060A9CFF-C091-4982-814B-0C7420105EA4}
		{024ACF0F-C981-4B4B-BD5F-112FD87A8247} = {060A9CFF-C091-4982-814B-0C7420105EA4}
		{BA7FC42D-A9BE-41E3-B518-7F043DD2E33E} = {060A9CFF-C091-4982-814B-0C7420105EA4}
		{E3648AF4-38FD-4484-9631-81AEB8E13148} = {79512E68-0A38-4A75-8EF4-DF0531ECF5C0}
		{E861A30E-7946-4901-90E4-C54EBBFF0663} = {79512E68-0A38-4A75-8EF4-DF0531ECF5C0}
		{5B24E222-7726-40B6-A78D-D54F4BE48720} = {79512E68-0A38-4A75-8EF4-DF0531ECF5C0}
		{D3C02063-9911-45F1-819A-7AC7B91FD791} = {1BE3C48D-1E1E-4A75-8AB3-E4175B756E4D}
		{47581941-0BDA-4B5C-85DB-15D89421E739} = {1BE3C48D-1E1E-4A75-8AB3-E4175B756E4D}
		{A0B65CD7-E5F1-4576-85EA-BDBA12AB8DFE} = {1BE3C48D-1E1E-4A75-8AB3-E4175B756E4D}
	EndGlobalSection
	GlobalSection(ExtensibilityGlobals) = postSolution
		SolutionGuid = {CFEDB4D3-9576-42FE-9CF6-3A30427EEC4C}
	EndGlobalSection
EndGlobal
