
Microsoft Visual Studio Solution File, Format Version 12.00
# Visual Studio Version 17
VisualStudioVersion = 17.14.36414.22
MinimumVisualStudioVersion = 10.0.40219.1
Project("{2150E333-8FDC-42A3-9474-1A3956D46DE8}") = "Task0", "Task0", "{02EA681E-C7D8-13C7-8484-4AC65E1B71E8}"
EndProject
Project("{FAE04EC0-301F-11D3-BF4B-00C04F79EFBC}") = "Tyuiu.DyuvenzhiMI.Sprint4.Task0.V7.Lib", "Tyuiu.DyuvenzhiMI.Sprint4.Task0.V7.Lib\Tyuiu.DyuvenzhiMI.Sprint4.Task0.V7.Lib.csproj", "{16435EAC-D9F0-479B-AE1D-62EF94384785}"
EndProject
Project("{FAE04EC0-301F-11D3-BF4B-00C04F79EFBC}") = "Tyuiu.DyuvenzhiMI.Sprint4.Task0.V7.Test", "Tyuiu.DyuvenzhiMI.Sprint4.Task0.V7.Test\Tyuiu.DyuvenzhiMI.Sprint4.Task0.V7.Test.csproj", "{A8EE367C-CC5B-4C6B-8F8B-8745C0AB81B8}"
EndProject
Project("{FAE04EC0-301F-11D3-BF4B-00C04F79EFBC}") = "Tyuiu.DyuvenzhiMI.Sprint4.Task0.V7", "Tyuiu.DyuvenzhiMI.Sprint4.Task0.V7\Tyuiu.DyuvenzhiMI.Sprint4.Task0.V7.csproj", "{37A8F58A-5746-4B55-AC38-B2EE64B8C6D8}"
EndProject
Project("{2150E333-8FDC-42A3-9474-1A3956D46DE8}") = "Task1", "Task1", "{88F39EE2-DB7C-4CA0-B90D-BE95B79E3F9F}"
EndProject
Project("{FAE04EC0-301F-11D3-BF4B-00C04F79EFBC}") = "Tyuiu.DyuvenzhiMI.Sprint4.Task1.V28", "Tyuiu.DyuvenzhiMI.Sprint4.Task1.V28\Tyuiu.DyuvenzhiMI.Sprint4.Task1.V28.csproj", "{71CF9D31-1824-4EEE-AAAB-A88C254396B7}"
EndProject
Project("{FAE04EC0-301F-11D3-BF4B-00C04F79EFBC}") = "Tyuiu.DyuvenzhiMI.Sprint4.Task1.V28.Test", "Tyuiu.DyuvenzhiMI.Sprint4.Task1.V28.Test\Tyuiu.DyuvenzhiMI.Sprint4.Task1.V28.Test.csproj", "{3C432429-17B3-4BE3-BB29-566D53399447}"
EndProject
Project("{FAE04EC0-301F-11D3-BF4B-00C04F79EFBC}") = "Tyuiu.DyuvenzhiMI.Sprint4.Task1.V28.Lib", "Tyuiu.DyuvenzhiMI.Sprint4.Task1.V28.Lib\Tyuiu.DyuvenzhiMI.Sprint4.Task1.V28.Lib.csproj", "{5B0152BC-4B91-4193-A935-A056CFA8F8ED}"
EndProject
Project("{2150E333-8FDC-42A3-9474-1A3956D46DE8}") = "Task2", "Task2", "{09537197-8084-46BB-B53B-FA0C7CA514F1}"
EndProject
Project("{FAE04EC0-301F-11D3-BF4B-00C04F79EFBC}") = "Tyuiu.DyuvenzhiMI.Sprint4.Task2.V21.Lib", "Tyuiu.DyuvenzhiMI.Sprint4.Task2.V21.Lib\Tyuiu.DyuvenzhiMI.Sprint4.Task2.V21.Lib.csproj", "{B3DD8164-7412-413C-8D5E-94C2AC47E402}"
EndProject
Project("{FAE04EC0-301F-11D3-BF4B-00C04F79EFBC}") = "Tyuiu.DyuvenzhiMI.Sprint4.Task2.V21.Test", "Tyuiu.DyuvenzhiMI.Sprint4.Task2.V21.Test\Tyuiu.DyuvenzhiMI.Sprint4.Task2.V21.Test.csproj", "{B5671852-FAD9-42B9-B274-4EBA3BD3C1F2}"
EndProject
Project("{FAE04EC0-301F-11D3-BF4B-00C04F79EFBC}") = "Tyuiu.DyuvenzhiMI.Sprint4.Task2.V21", "Tyuiu.DyuvenzhiMI.Sprint4.Task2.V21\Tyuiu.DyuvenzhiMI.Sprint4.Task2.V21.csproj", "{1B3033D6-07D0-48B6-AD97-6C212D9CEEDC}"
EndProject
Project("{2150E333-8FDC-42A3-9474-1A3956D46DE8}") = "Task3", "Task3", "{86CEDADC-9047-487B-963E-5432FE87BA20}"
EndProject
Project("{FAE04EC0-301F-11D3-BF4B-00C04F79EFBC}") = "Tyuiu.DyuvenzhiMI.Sprint4.Task3.V28", "Tyuiu.DyuvenzhiMI.Sprint4.Task3.V28\Tyuiu.DyuvenzhiMI.Sprint4.Task3.V28.csproj", "{D8B6115B-D666-4538-9EE4-C4BE14070DF6}"
EndProject
Project("{FAE04EC0-301F-11D3-BF4B-00C04F79EFBC}") = "Tyuiu.DyuvenzhiMI.Sprint4.Task3.V28.Test", "Tyuiu.DyuvenzhiMI.Sprint4.Task3.V28.Test\Tyuiu.DyuvenzhiMI.Sprint4.Task3.V28.Test.csproj", "{783E9931-A46E-4192-B17A-3876788E5232}"
EndProject
Project("{FAE04EC0-301F-11D3-BF4B-00C04F79EFBC}") = "Tyuiu.DyuvenzhiMI.Sprint4.Task3.V28.Lib", "Tyuiu.DyuvenzhiMI.Sprint4.Task3.V28.Lib\Tyuiu.DyuvenzhiMI.Sprint4.Task3.V28.Lib.csproj", "{0827E6C5-5852-4771-AB81-66161D92EBC3}"
EndProject
Global
	GlobalSection(SolutionConfigurationPlatforms) = preSolution
		Debug|Any CPU = Debug|Any CPU
		Release|Any CPU = Release|Any CPU
	EndGlobalSection
	GlobalSection(ProjectConfigurationPlatforms) = postSolution
		{16435EAC-D9F0-479B-AE1D-62EF94384785}.Debug|Any CPU.ActiveCfg = Debug|Any CPU
		{16435EAC-D9F0-479B-AE1D-62EF94384785}.Debug|Any CPU.Build.0 = Debug|Any CPU
		{16435EAC-D9F0-479B-AE1D-62EF94384785}.Release|Any CPU.ActiveCfg = Release|Any CPU
		{16435EAC-D9F0-479B-AE1D-62EF94384785}.Release|Any CPU.Build.0 = Release|Any CPU
		{A8EE367C-CC5B-4C6B-8F8B-8745C0AB81B8}.Debug|Any CPU.ActiveCfg = Debug|Any CPU
		{A8EE367C-CC5B-4C6B-8F8B-8745C0AB81B8}.Debug|Any CPU.Build.0 = Debug|Any CPU
		{A8EE367C-CC5B-4C6B-8F8B-8745C0AB81B8}.Release|Any CPU.ActiveCfg = Release|Any CPU
		{A8EE367C-CC5B-4C6B-8F8B-8745C0AB81B8}.Release|Any CPU.Build.0 = Release|Any CPU
		{37A8F58A-5746-4B55-AC38-B2EE64B8C6D8}.Debug|Any CPU.ActiveCfg = Debug|Any CPU
		{37A8F58A-5746-4B55-AC38-B2EE64B8C6D8}.Debug|Any CPU.Build.0 = Debug|Any CPU
		{37A8F58A-5746-4B55-AC38-B2EE64B8C6D8}.Release|Any CPU.ActiveCfg = Release|Any CPU
		{37A8F58A-5746-4B55-AC38-B2EE64B8C6D8}.Release|Any CPU.Build.0 = Release|Any CPU
		{71CF9D31-1824-4EEE-AAAB-A88C254396B7}.Debug|Any CPU.ActiveCfg = Debug|Any CPU
		{71CF9D31-1824-4EEE-AAAB-A88C254396B7}.Debug|Any CPU.Build.0 = Debug|Any CPU
		{71CF9D31-1824-4EEE-AAAB-A88C254396B7}.Release|Any CPU.ActiveCfg = Release|Any CPU
		{71CF9D31-1824-4EEE-AAAB-A88C254396B7}.Release|Any CPU.Build.0 = Release|Any CPU
		{3C432429-17B3-4BE3-BB29-566D53399447}.Debug|Any CPU.ActiveCfg = Debug|Any CPU
		{3C432429-17B3-4BE3-BB29-566D53399447}.Debug|Any CPU.Build.0 = Debug|Any CPU
		{3C432429-17B3-4BE3-BB29-566D53399447}.Release|Any CPU.ActiveCfg = Release|Any CPU
		{3C432429-17B3-4BE3-BB29-566D53399447}.Release|Any CPU.Build.0 = Release|Any CPU
		{5B0152BC-4B91-4193-A935-A056CFA8F8ED}.Debug|Any CPU.ActiveCfg = Debug|Any CPU
		{5B0152BC-4B91-4193-A935-A056CFA8F8ED}.Debug|Any CPU.Build.0 = Debug|Any CPU
		{5B0152BC-4B91-4193-A935-A056CFA8F8ED}.Release|Any CPU.ActiveCfg = Release|Any CPU
		{5B0152BC-4B91-4193-A935-A056CFA8F8ED}.Release|Any CPU.Build.0 = Release|Any CPU
		{B3DD8164-7412-413C-8D5E-94C2AC47E402}.Debug|Any CPU.ActiveCfg = Debug|Any CPU
		{B3DD8164-7412-413C-8D5E-94C2AC47E402}.Debug|Any CPU.Build.0 = Debug|Any CPU
		{B3DD8164-7412-413C-8D5E-94C2AC47E402}.Release|Any CPU.ActiveCfg = Release|Any CPU
		{B3DD8164-7412-413C-8D5E-94C2AC47E402}.Release|Any CPU.Build.0 = Release|Any CPU
		{B5671852-FAD9-42B9-B274-4EBA3BD3C1F2}.Debug|Any CPU.ActiveCfg = Debug|Any CPU
		{B5671852-FAD9-42B9-B274-4EBA3BD3C1F2}.Debug|Any CPU.Build.0 = Debug|Any CPU
		{B5671852-FAD9-42B9-B274-4EBA3BD3C1F2}.Release|Any CPU.ActiveCfg = Release|Any CPU
		{B5671852-FAD9-42B9-B274-4EBA3BD3C1F2}.Release|Any CPU.Build.0 = Release|Any CPU
		{1B3033D6-07D0-48B6-AD97-6C212D9CEEDC}.Debug|Any CPU.ActiveCfg = Debug|Any CPU
		{1B3033D6-07D0-48B6-AD97-6C212D9CEEDC}.Debug|Any CPU.Build.0 = Debug|Any CPU
		{1B3033D6-07D0-48B6-AD97-6C212D9CEEDC}.Release|Any CPU.ActiveCfg = Release|Any CPU
		{1B3033D6-07D0-48B6-AD97-6C212D9CEEDC}.Release|Any CPU.Build.0 = Release|Any CPU
		{D8B6115B-D666-4538-9EE4-C4BE14070DF6}.Debug|Any CPU.ActiveCfg = Debug|Any CPU
		{D8B6115B-D666-4538-9EE4-C4BE14070DF6}.Debug|Any CPU.Build.0 = Debug|Any CPU
		{D8B6115B-D666-4538-9EE4-C4BE14070DF6}.Release|Any CPU.ActiveCfg = Release|Any CPU
		{D8B6115B-D666-4538-9EE4-C4BE14070DF6}.Release|Any CPU.Build.0 = Release|Any CPU
		{783E9931-A46E-4192-B17A-3876788E5232}.Debug|Any CPU.ActiveCfg = Debug|Any CPU
		{783E9931-A46E-4192-B17A-3876788E5232}.Debug|Any CPU.Build.0 = Debug|Any CPU
		{783E9931-A46E-4192-B17A-3876788E5232}.Release|Any CPU.ActiveCfg = Release|Any CPU
		{783E9931-A46E-4192-B17A-3876788E5232}.Release|Any CPU.Build.0 = Release|Any CPU
		{0827E6C5-5852-4771-AB81-66161D92EBC3}.Debug|Any CPU.ActiveCfg = Debug|Any CPU
		{0827E6C5-5852-4771-AB81-66161D92EBC3}.Debug|Any CPU.Build.0 = Debug|Any CPU
		{0827E6C5-5852-4771-AB81-66161D92EBC3}.Release|Any CPU.ActiveCfg = Release|Any CPU
		{0827E6C5-5852-4771-AB81-66161D92EBC3}.Release|Any CPU.Build.0 = Release|Any CPU
	EndGlobalSection
	GlobalSection(SolutionProperties) = preSolution
		HideSolutionNode = FALSE
	EndGlobalSection
	GlobalSection(NestedProjects) = preSolution
		{16435EAC-D9F0-479B-AE1D-62EF94384785} = {02EA681E-C7D8-13C7-8484-4AC65E1B71E8}
		{A8EE367C-CC5B-4C6B-8F8B-8745C0AB81B8} = {02EA681E-C7D8-13C7-8484-4AC65E1B71E8}
		{37A8F58A-5746-4B55-AC38-B2EE64B8C6D8} = {02EA681E-C7D8-13C7-8484-4AC65E1B71E8}
		{71CF9D31-1824-4EEE-AAAB-A88C254396B7} = {88F39EE2-DB7C-4CA0-B90D-BE95B79E3F9F}
		{3C432429-17B3-4BE3-BB29-566D53399447} = {88F39EE2-DB7C-4CA0-B90D-BE95B79E3F9F}
		{5B0152BC-4B91-4193-A935-A056CFA8F8ED} = {88F39EE2-DB7C-4CA0-B90D-BE95B79E3F9F}
		{B3DD8164-7412-413C-8D5E-94C2AC47E402} = {09537197-8084-46BB-B53B-FA0C7CA514F1}
		{B5671852-FAD9-42B9-B274-4EBA3BD3C1F2} = {09537197-8084-46BB-B53B-FA0C7CA514F1}
		{1B3033D6-07D0-48B6-AD97-6C212D9CEEDC} = {09537197-8084-46BB-B53B-FA0C7CA514F1}
		{D8B6115B-D666-4538-9EE4-C4BE14070DF6} = {86CEDADC-9047-487B-963E-5432FE87BA20}
		{783E9931-A46E-4192-B17A-3876788E5232} = {86CEDADC-9047-487B-963E-5432FE87BA20}
		{0827E6C5-5852-4771-AB81-66161D92EBC3} = {86CEDADC-9047-487B-963E-5432FE87BA20}
	EndGlobalSection
	GlobalSection(ExtensibilityGlobals) = postSolution
		SolutionGuid = {CFEDB4D3-9576-42FE-9CF6-3A30427EEC4C}
	EndGlobalSection
EndGlobal
