
Microsoft Visual Studio Solution File, Format Version 12.00
# Visual Studio Version 17
VisualStudioVersion = 17.14.36414.22
MinimumVisualStudioVersion = 10.0.40219.1
Project("{2150E333-8FDC-42A3-9474-1A3956D46DE8}") = "Task0", "Task0", "{02EA681E-C7D8-13C7-8484-4AC65E1B71E8}"
EndProject
Project("{FAE04EC0-301F-11D3-BF4B-00C04F79EFBC}") = "Tyuiu.DyuvenzhiMI.Sprint4.Task0.V7.Lib", "Tyuiu.DyuvenzhiMI.Sprint4.Task0.V7.Lib\Tyuiu.DyuvenzhiMI.Sprint4.Task0.V7.Lib.csproj", "{16435EAC-D9F0-479B-AE1D-62EF94384785}"
EndProject
Project("{FAE04EC0-301F-11D3-BF4B-00C04F79EFBC}") = "Tyuiu.DyuvenzhiMI.Sprint4.Task0.V7.Test", "Tyuiu.DyuvenzhiMI.Sprint4.Task0.V7.Test\Tyuiu.DyuvenzhiMI.Sprint4.Task0.V7.Test.csproj", "{A8EE367C-CC5B-4C6B-8F8B-8745C0AB81B8}"
EndProject
Project("{FAE04EC0-301F-11D3-BF4B-00C04F79EFBC}") = "Tyuiu.DyuvenzhiMI.Sprint4.Task0.V7", "Tyuiu.DyuvenzhiMI.Sprint4.Task0.V7\Tyuiu.DyuvenzhiMI.Sprint4.Task0.V7.csproj", "{37A8F58A-5746-4B55-AC38-B2EE64B8C6D8}"
EndProject
Project("{2150E333-8FDC-42A3-9474-1A3956D46DE8}") = "Task1", "Task1", "{88F39EE2-DB7C-4CA0-B90D-BE95B79E3F9F}"
EndProject
Project("{FAE04EC0-301F-11D3-BF4B-00C04F79EFBC}") = "Tyuiu.DyuvenzhiMI.Sprint4.Task1.V28", "Tyuiu.DyuvenzhiMI.Sprint4.Task1.V28\Tyuiu.DyuvenzhiMI.Sprint4.Task1.V28.csproj", "{71CF9D31-1824-4EEE-AAAB-A88C254396B7}"
EndProject
Project("{FAE04EC0-301F-11D3-BF4B-00C04F79EFBC}") = "Tyuiu.DyuvenzhiMI.Sprint4.Task1.V28.Test", "Tyuiu.DyuvenzhiMI.Sprint4.Task1.V28.Test\Tyuiu.DyuvenzhiMI.Sprint4.Task1.V28.Test.csproj", "{3C432429-17B3-4BE3-BB29-566D53399447}"
EndProject
Project("{FAE04EC0-301F-11D3-BF4B-00C04F79EFBC}") = "Tyuiu.DyuvenzhiMI.Sprint4.Task1.V28.Lib", "Tyuiu.DyuvenzhiMI.Sprint4.Task1.V28.Lib\Tyuiu.DyuvenzhiMI.Sprint4.Task1.V28.Lib.csproj", "{5B0152BC-4B91-4193-A935-A056CFA8F8ED}"
EndProject
Global
	GlobalSection(SolutionConfigurationPlatforms) = preSolution
		Debug|Any CPU = Debug|Any CPU
		Release|Any CPU = Release|Any CPU
	EndGlobalSection
	GlobalSection(ProjectConfigurationPlatforms) = postSolution
		{16435EAC-D9F0-479B-AE1D-62EF94384785}.Debug|Any CPU.ActiveCfg = Debug|Any CPU
		{16435EAC-D9F0-479B-AE1D-62EF94384785}.Debug|Any CPU.Build.0 = Debug|Any CPU
		{16435EAC-D9F0-479B-AE1D-62EF94384785}.Release|Any CPU.ActiveCfg = Release|Any CPU
		{16435EAC-D9F0-479B-AE1D-62EF94384785}.Release|Any CPU.Build.0 = Release|Any CPU
		{A8EE367C-CC5B-4C6B-8F8B-8745C0AB81B8}.Debug|Any CPU.ActiveCfg = Debug|Any CPU
		{A8EE367C-CC5B-4C6B-8F8B-8745C0AB81B8}.Debug|Any CPU.Build.0 = Debug|Any CPU
		{A8EE367C-CC5B-4C6B-8F8B-8745C0AB81B8}.Release|Any CPU.ActiveCfg = Release|Any CPU
		{A8EE367C-CC5B-4C6B-8F8B-8745C0AB81B8}.Release|Any CPU.Build.0 = Release|Any CPU
		{37A8F58A-5746-4B55-AC38-B2EE64B8C6D8}.Debug|Any CPU.ActiveCfg = Debug|Any CPU
		{37A8F58A-5746-4B55-AC38-B2EE64B8C6D8}.Debug|Any CPU.Build.0 = Debug|Any CPU
		{37A8F58A-5746-4B55-AC38-B2EE64B8C6D8}.Release|Any CPU.ActiveCfg = Release|Any CPU
		{37A8F58A-5746-4B55-AC38-B2EE64B8C6D8}.Release|Any CPU.Build.0 = Release|Any CPU
		{71CF9D31-1824-4EEE-AAAB-A88C254396B7}.Debug|Any CPU.ActiveCfg = Debug|Any CPU
		{71CF9D31-1824-4EEE-AAAB-A88C254396B7}.Debug|Any CPU.Build.0 = Debug|Any CPU
		{71CF9D31-1824-4EEE-AAAB-A88C254396B7}.Release|Any CPU.ActiveCfg = Release|Any CPU
		{71CF9D31-1824-4EEE-AAAB-A88C254396B7}.Release|Any CPU.Build.0 = Release|Any CPU
		{3C432429-17B3-4BE3-BB29-566D53399447}.Debug|Any CPU.ActiveCfg = Debug|Any CPU
		{3C432429-17B3-4BE3-BB29-566D53399447}.Debug|Any CPU.Build.0 = Debug|Any CPU
		{3C432429-17B3-4BE3-BB29-566D53399447}.Release|Any CPU.ActiveCfg = Release|Any CPU
		{3C432429-17B3-4BE3-BB29-566D53399447}.Release|Any CPU.Build.0 = Release|Any CPU
		{5B0152BC-4B91-4193-A935-A056CFA8F8ED}.Debug|Any CPU.ActiveCfg = Debug|Any CPU
		{5B0152BC-4B91-4193-A935-A056CFA8F8ED}.Debug|Any CPU.Build.0 = Debug|Any CPU
		{5B0152BC-4B91-4193-A935-A056CFA8F8ED}.Release|Any CPU.ActiveCfg = Release|Any CPU
		{5B0152BC-4B91-4193-A935-A056CFA8F8ED}.Release|Any CPU.Build.0 = Release|Any CPU
	EndGlobalSection
	GlobalSection(SolutionProperties) = preSolution
		HideSolutionNode = FALSE
	EndGlobalSection
	GlobalSection(NestedProjects) = preSolution
		{16435EAC-D9F0-479B-AE1D-62EF94384785} = {02EA681E-C7D8-13C7-8484-4AC65E1B71E8}
		{A8EE367C-CC5B-4C6B-8F8B-8745C0AB81B8} = {02EA681E-C7D8-13C7-8484-4AC65E1B71E8}
		{37A8F58A-5746-4B55-AC38-B2EE64B8C6D8} = {02EA681E-C7D8-13C7-8484-4AC65E1B71E8}
		{71CF9D31-1824-4EEE-AAAB-A88C254396B7} = {88F39EE2-DB7C-4CA0-B90D-BE95B79E3F9F}
		{3C432429-17B3-4BE3-BB29-566D53399447} = {88F39EE2-DB7C-4CA0-B90D-BE95B79E3F9F}
		{5B0152BC-4B91-4193-A935-A056CFA8F8ED} = {88F39EE2-DB7C-4CA0-B90D-BE95B79E3F9F}
	EndGlobalSection
	GlobalSection(ExtensibilityGlobals) = postSolution
		SolutionGuid = {CFEDB4D3-9576-42FE-9CF6-3A30427EEC4C}
	EndGlobalSection
EndGlobal
